{
    "version": 3,
    "terraform_version": "0.11.2",
    "serial": 30,
    "lineage": "a06dc2a2-655d-47d9-8d5f-92d61c7fd272",
    "modules": [
        {
            "path": [
                "root"
            ],
            "outputs": {},
            "resources": {
                "aws_db_instance.db": {
                    "type": "aws_db_instance",
                    "depends_on": [
                        "aws_db_subnet_group.rds_subnetgroup",
                        "aws_security_group.RDS"
                    ],
                    "primary": {
                        "id": "terraform-20180312173504242800000001",
                        "attributes": {
                            "address": "terraform-20180312173504242800000001.chntrgvaknsf.ca-central-1.rds.amazonaws.com",
                            "allocated_storage": "10",
                            "arn": "arn:aws:rds:ca-central-1:272462672480:db:terraform-20180312173504242800000001",
                            "auto_minor_version_upgrade": "true",
                            "availability_zone": "ca-central-1b",
                            "backup_retention_period": "0",
                            "backup_window": "07:00-07:30",
                            "ca_cert_identifier": "rds-ca-2015",
                            "copy_tags_to_snapshot": "false",
                            "db_subnet_group_name": "rds_subnetgroup",
                            "endpoint": "terraform-20180312173504242800000001.chntrgvaknsf.ca-central-1.rds.amazonaws.com:3306",
                            "engine": "mysql",
                            "engine_version": "5.6.39",
                            "hosted_zone_id": "Z1JG78A3UK1DU3",
                            "iam_database_authentication_enabled": "false",
                            "id": "terraform-20180312173504242800000001",
                            "identifier": "terraform-20180312173504242800000001",
                            "instance_class": "db.t2.micro",
                            "iops": "0",
                            "kms_key_id": "",
                            "license_model": "general-public-license",
                            "maintenance_window": "sat:09:28-sat:09:58",
                            "monitoring_interval": "0",
                            "multi_az": "false",
                            "name": "trinimbusdb",
                            "option_group_name": "default:mysql-5-6",
                            "parameter_group_name": "default.mysql5.6",
                            "password": "trinimbus",
                            "port": "3306",
                            "publicly_accessible": "false",
                            "replicas.#": "0",
                            "replicate_source_db": "",
                            "resource_id": "db-INFGTS672ZWMKZ7NK6BBRUCWRM",
                            "security_group_names.#": "0",
                            "skip_final_snapshot": "true",
                            "status": "available",
                            "storage_encrypted": "false",
                            "storage_type": "standard",
                            "tags.%": "0",
                            "timezone": "",
                            "username": "trinimbus",
                            "vpc_security_group_ids.#": "1",
                            "vpc_security_group_ids.51892839": "sg-5f033337"
                        },
                        "meta": {
                            "e2bfb730-ecaa-11e6-8f88-34363bc7c4c0": {
                                "create": 2400000000000,
                                "delete": 2400000000000,
                                "update": 4800000000000
                            }
                        },
                        "tainted": false
                    },
                    "deposed": [],
                    "provider": "provider.aws"
                },
                "aws_db_subnet_group.rds_subnetgroup": {
                    "type": "aws_db_subnet_group",
                    "depends_on": [
                        "aws_subnet.rds1",
                        "aws_subnet.rds2"
                    ],
                    "primary": {
                        "id": "rds_subnetgroup",
                        "attributes": {
                            "arn": "arn:aws:rds:ca-central-1:272462672480:subgrp:rds_subnetgroup",
                            "description": "Managed by Terraform",
                            "id": "rds_subnetgroup",
                            "name": "rds_subnetgroup",
                            "subnet_ids.#": "2",
                            "subnet_ids.1510028030": "subnet-c84055b3",
                            "subnet_ids.1853821741": "subnet-efff0187",
                            "tags.%": "1",
                            "tags.Name": "rds_sng"
                        },
                        "meta": {},
                        "tainted": false
                    },
                    "deposed": [],
                    "provider": "provider.aws"
                },
                "aws_default_route_table.private": {
                    "type": "aws_default_route_table",
                    "depends_on": [
                        "aws_vpc.vpc"
                    ],
                    "primary": {
                        "id": "rtb-b239e0da",
                        "attributes": {
                            "default_route_table_id": "rtb-b239e0da",
                            "id": "rtb-b239e0da",
                            "propagating_vgws.#": "0",
                            "route.#": "0",
                            "tags.%": "1",
                            "tags.Name": "private",
                            "vpc_id": "vpc-4a3fc922"
                        },
                        "meta": {},
                        "tainted": false
                    },
                    "deposed": [],
                    "provider": "provider.aws"
                },
                "aws_internet_gateway.internet_gateway": {
                    "type": "aws_internet_gateway",
                    "depends_on": [
                        "aws_vpc.vpc"
                    ],
                    "primary": {
                        "id": "igw-1b8dc172",
                        "attributes": {
                            "id": "igw-1b8dc172",
                            "vpc_id": "vpc-4a3fc922"
                        },
                        "meta": {},
                        "tainted": false
                    },
                    "deposed": [],
                    "provider": "provider.aws"
                },
                "aws_key_pair.auth": {
                    "type": "aws_key_pair",
                    "depends_on": [],
                    "primary": {
                        "id": "sshkey",
                        "attributes": {
                            "id": "sshkey",
                            "key_name": "sshkey",
                            "public_key": "ssh-rsa AAAAB3NzaC1yc2EAAAADAQABAAABAQDEv3ov3BecYg0l53ZXoYQhX3BBqRLX8Mso5anPKoxsmOdmxAFm7kUv48xCF6L0MjZLfixsd7ukJW/3qKQiRefhJl0iYZSSeZP1DRGPlnporNbWH3jCD02siBk2Acl2Yg/OJM9V2En6QGmoe7mQZWjqQ3OglDhNg9Q2vBqVrGxYOR+kPE1IL4oXPMtOCZv4VbxcWKF+KtGWacQwUYDrGi+EKn459a4zxsY/smgnSZEqZQIoYmrZJpgyNUCm3Bgv1400K0K0HObYvhAZFgIm3zjNgTpYZuIni8SPgmc9dkJ7NUxw++1QRCLwlF1x0o2A/zXei8T8XlN/ouWXDsslRhdd root@parikverma7862.mylabserver.com"
                        },
                        "meta": {
                            "schema_version": "1"
                        },
                        "tainted": false
                    },
                    "deposed": [],
                    "provider": "provider.aws"
                },
                "aws_route_table.public": {
                    "type": "aws_route_table",
                    "depends_on": [
                        "aws_internet_gateway.internet_gateway",
                        "aws_vpc.vpc"
                    ],
                    "primary": {
                        "id": "rtb-7f3ae317",
                        "attributes": {
                            "id": "rtb-7f3ae317",
                            "propagating_vgws.#": "0",
                            "route.#": "1",
                            "route.2200030880.cidr_block": "0.0.0.0/0",
                            "route.2200030880.egress_only_gateway_id": "",
                            "route.2200030880.gateway_id": "igw-1b8dc172",
                            "route.2200030880.instance_id": "",
                            "route.2200030880.ipv6_cidr_block": "",
                            "route.2200030880.nat_gateway_id": "",
                            "route.2200030880.network_interface_id": "",
                            "route.2200030880.vpc_peering_connection_id": "",
                            "tags.%": "1",
                            "tags.Name": "public",
                            "vpc_id": "vpc-4a3fc922"
                        },
                        "meta": {},
                        "tainted": false
                    },
                    "deposed": [],
                    "provider": "provider.aws"
                },
                "aws_route_table_association.private1_assoc": {
                    "type": "aws_route_table_association",
                    "depends_on": [
                        "aws_route_table.public",
                        "aws_subnet.private1"
                    ],
                    "primary": {
                        "id": "rtbassoc-e78ee78f",
                        "attributes": {
                            "id": "rtbassoc-e78ee78f",
                            "route_table_id": "rtb-7f3ae317",
                            "subnet_id": "subnet-eafe0082"
                        },
                        "meta": {},
                        "tainted": false
                    },
                    "deposed": [],
                    "provider": "provider.aws"
                },
                "aws_route_table_association.private2_assoc": {
                    "type": "aws_route_table_association",
                    "depends_on": [
                        "aws_route_table.public",
                        "aws_subnet.private2"
                    ],
                    "primary": {
                        "id": "rtbassoc-4e8fe626",
                        "attributes": {
                            "id": "rtbassoc-4e8fe626",
                            "route_table_id": "rtb-7f3ae317",
                            "subnet_id": "subnet-7c435607"
                        },
                        "meta": {},
                        "tainted": false
                    },
                    "deposed": [],
                    "provider": "provider.aws"
                },
                "aws_route_table_association.public1_assoc": {
                    "type": "aws_route_table_association",
                    "depends_on": [
                        "aws_route_table.public",
                        "aws_subnet.public1"
                    ],
                    "primary": {
                        "id": "rtbassoc-aa8ce5c2",
                        "attributes": {
                            "id": "rtbassoc-aa8ce5c2",
                            "route_table_id": "rtb-7f3ae317",
                            "subnet_id": "subnet-ebfe0083"
                        },
                        "meta": {},
                        "tainted": false
                    },
                    "deposed": [],
                    "provider": "provider.aws"
                },
                "aws_route_table_association.public2_assoc": {
                    "type": "aws_route_table_association",
                    "depends_on": [
                        "aws_route_table.public",
                        "aws_subnet.public2"
                    ],
                    "primary": {
                        "id": "rtbassoc-608ce508",
                        "attributes": {
                            "id": "rtbassoc-608ce508",
                            "route_table_id": "rtb-7f3ae317",
                            "subnet_id": "subnet-43465338"
                        },
                        "meta": {},
                        "tainted": false
                    },
                    "deposed": [],
                    "provider": "provider.aws"
                },
                "aws_security_group.RDS": {
                    "type": "aws_security_group",
                    "depends_on": [
                        "aws_security_group.dev_sg",
                        "aws_security_group.private_sg",
                        "aws_security_group.public_sg",
                        "aws_vpc.vpc"
                    ],
                    "primary": {
                        "id": "sg-5f033337",
                        "attributes": {
                            "description": "Used for DB instances",
                            "egress.#": "0",
                            "id": "sg-5f033337",
                            "ingress.#": "1",
                            "ingress.837310927.cidr_blocks.#": "0",
                            "ingress.837310927.description": "",
                            "ingress.837310927.from_port": "3306",
                            "ingress.837310927.ipv6_cidr_blocks.#": "0",
                            "ingress.837310927.protocol": "tcp",
                            "ingress.837310927.security_groups.#": "3",
                            "ingress.837310927.security_groups.1173944428": "sg-5e033336",
                            "ingress.837310927.security_groups.1197144312": "sg-5b043433",
                            "ingress.837310927.security_groups.3064144124": "sg-1203337a",
                            "ingress.837310927.self": "false",
                            "ingress.837310927.to_port": "3306",
                            "name": "sg_rds",
                            "owner_id": "272462672480",
                            "revoke_rules_on_delete": "false",
                            "tags.%": "0",
                            "vpc_id": "vpc-4a3fc922"
                        },
                        "meta": {
                            "e2bfb730-ecaa-11e6-8f88-34363bc7c4c0": {
                                "create": 600000000000,
                                "delete": 600000000000
                            },
                            "schema_version": "1"
                        },
                        "tainted": false
                    },
                    "deposed": [],
                    "provider": "provider.aws"
                },
                "aws_security_group.dev_sg": {
                    "type": "aws_security_group",
                    "depends_on": [
                        "aws_vpc.vpc"
                    ],
                    "primary": {
                        "id": "sg-5b043433",
                        "attributes": {
                            "description": "Used for access to the dev instance",
                            "egress.#": "0",
                            "id": "sg-5b043433",
                            "ingress.#": "2",
                            "ingress.2214680975.cidr_blocks.#": "1",
                            "ingress.2214680975.cidr_blocks.0": "0.0.0.0/0",
                            "ingress.2214680975.description": "",
                            "ingress.2214680975.from_port": "80",
                            "ingress.2214680975.ipv6_cidr_blocks.#": "0",
                            "ingress.2214680975.protocol": "tcp",
                            "ingress.2214680975.security_groups.#": "0",
                            "ingress.2214680975.self": "false",
                            "ingress.2214680975.to_port": "80",
                            "ingress.2541437006.cidr_blocks.#": "1",
                            "ingress.2541437006.cidr_blocks.0": "0.0.0.0/0",
                            "ingress.2541437006.description": "",
                            "ingress.2541437006.from_port": "22",
                            "ingress.2541437006.ipv6_cidr_blocks.#": "0",
                            "ingress.2541437006.protocol": "tcp",
                            "ingress.2541437006.security_groups.#": "0",
                            "ingress.2541437006.self": "false",
                            "ingress.2541437006.to_port": "22",
                            "name": "dev_sg",
                            "owner_id": "272462672480",
                            "revoke_rules_on_delete": "false",
                            "tags.%": "0",
                            "vpc_id": "vpc-4a3fc922"
                        },
                        "meta": {
                            "e2bfb730-ecaa-11e6-8f88-34363bc7c4c0": {
                                "create": 600000000000,
                                "delete": 600000000000
                            },
                            "schema_version": "1"
                        },
                        "tainted": false
                    },
                    "deposed": [],
                    "provider": "provider.aws"
                },
                "aws_security_group.private_sg": {
                    "type": "aws_security_group",
                    "depends_on": [
                        "aws_vpc.vpc"
                    ],
                    "primary": {
                        "id": "sg-5e033336",
                        "attributes": {
                            "description": "Used for private instances",
                            "egress.#": "1",
                            "egress.482069346.cidr_blocks.#": "1",
                            "egress.482069346.cidr_blocks.0": "0.0.0.0/0",
                            "egress.482069346.description": "",
                            "egress.482069346.from_port": "0",
                            "egress.482069346.ipv6_cidr_blocks.#": "0",
                            "egress.482069346.prefix_list_ids.#": "0",
                            "egress.482069346.protocol": "-1",
                            "egress.482069346.security_groups.#": "0",
                            "egress.482069346.self": "false",
                            "egress.482069346.to_port": "0",
                            "id": "sg-5e033336",
                            "ingress.#": "1",
                            "ingress.1671886063.cidr_blocks.#": "1",
                            "ingress.1671886063.cidr_blocks.0": "10.1.0.0/16",
                            "ingress.1671886063.description": "",
                            "ingress.1671886063.from_port": "0",
                            "ingress.1671886063.ipv6_cidr_blocks.#": "0",
                            "ingress.1671886063.protocol": "-1",
                            "ingress.1671886063.security_groups.#": "0",
                            "ingress.1671886063.self": "false",
                            "ingress.1671886063.to_port": "0",
                            "name": "sg_private",
                            "owner_id": "272462672480",
                            "revoke_rules_on_delete": "false",
                            "tags.%": "0",
                            "vpc_id": "vpc-4a3fc922"
                        },
                        "meta": {
                            "e2bfb730-ecaa-11e6-8f88-34363bc7c4c0": {
                                "create": 600000000000,
                                "delete": 600000000000
                            },
                            "schema_version": "1"
                        },
                        "tainted": false
                    },
                    "deposed": [],
                    "provider": "provider.aws"
                },
                "aws_security_group.public_sg": {
                    "type": "aws_security_group",
                    "depends_on": [
                        "aws_vpc.vpc"
                    ],
                    "primary": {
                        "id": "sg-1203337a",
                        "attributes": {
                            "description": "Used for public and private instances for load balancer access",
                            "egress.#": "1",
                            "egress.482069346.cidr_blocks.#": "1",
                            "egress.482069346.cidr_blocks.0": "0.0.0.0/0",
                            "egress.482069346.description": "",
                            "egress.482069346.from_port": "0",
                            "egress.482069346.ipv6_cidr_blocks.#": "0",
                            "egress.482069346.prefix_list_ids.#": "0",
                            "egress.482069346.protocol": "-1",
                            "egress.482069346.security_groups.#": "0",
                            "egress.482069346.self": "false",
                            "egress.482069346.to_port": "0",
                            "id": "sg-1203337a",
                            "ingress.#": "2",
                            "ingress.2214680975.cidr_blocks.#": "1",
                            "ingress.2214680975.cidr_blocks.0": "0.0.0.0/0",
                            "ingress.2214680975.description": "",
                            "ingress.2214680975.from_port": "80",
                            "ingress.2214680975.ipv6_cidr_blocks.#": "0",
                            "ingress.2214680975.protocol": "tcp",
                            "ingress.2214680975.security_groups.#": "0",
                            "ingress.2214680975.self": "false",
                            "ingress.2214680975.to_port": "80",
                            "ingress.2541437006.cidr_blocks.#": "1",
                            "ingress.2541437006.cidr_blocks.0": "0.0.0.0/0",
                            "ingress.2541437006.description": "",
                            "ingress.2541437006.from_port": "22",
                            "ingress.2541437006.ipv6_cidr_blocks.#": "0",
                            "ingress.2541437006.protocol": "tcp",
                            "ingress.2541437006.security_groups.#": "0",
                            "ingress.2541437006.self": "false",
                            "ingress.2541437006.to_port": "22",
                            "name": "sg_public",
                            "owner_id": "272462672480",
                            "revoke_rules_on_delete": "false",
                            "tags.%": "0",
                            "vpc_id": "vpc-4a3fc922"
                        },
                        "meta": {
                            "e2bfb730-ecaa-11e6-8f88-34363bc7c4c0": {
                                "create": 600000000000,
                                "delete": 600000000000
                            },
                            "schema_version": "1"
                        },
                        "tainted": false
                    },
                    "deposed": [],
                    "provider": "provider.aws"
                },
                "aws_subnet.private1": {
                    "type": "aws_subnet",
                    "depends_on": [
                        "aws_vpc.vpc",
                        "data.aws_availability_zones.available"
                    ],
                    "primary": {
                        "id": "subnet-eafe0082",
                        "attributes": {
                            "assign_ipv6_address_on_creation": "false",
                            "availability_zone": "ca-central-1a",
                            "cidr_block": "10.1.3.0/24",
                            "id": "subnet-eafe0082",
                            "map_public_ip_on_launch": "false",
                            "tags.%": "1",
                            "tags.Name": "private1",
                            "vpc_id": "vpc-4a3fc922"
                        },
                        "meta": {
                            "schema_version": "1"
                        },
                        "tainted": false
                    },
                    "deposed": [],
                    "provider": "provider.aws"
                },
                "aws_subnet.private2": {
                    "type": "aws_subnet",
                    "depends_on": [
                        "aws_vpc.vpc",
                        "data.aws_availability_zones.available"
                    ],
                    "primary": {
                        "id": "subnet-7c435607",
                        "attributes": {
                            "assign_ipv6_address_on_creation": "false",
                            "availability_zone": "ca-central-1b",
                            "cidr_block": "10.1.4.0/24",
                            "id": "subnet-7c435607",
                            "map_public_ip_on_launch": "false",
                            "tags.%": "1",
                            "tags.Name": "private2",
                            "vpc_id": "vpc-4a3fc922"
                        },
                        "meta": {
                            "schema_version": "1"
                        },
                        "tainted": false
                    },
                    "deposed": [],
                    "provider": "provider.aws"
                },
                "aws_subnet.public1": {
                    "type": "aws_subnet",
                    "depends_on": [
                        "aws_vpc.vpc",
                        "data.aws_availability_zones.available"
                    ],
                    "primary": {
                        "id": "subnet-ebfe0083",
                        "attributes": {
                            "assign_ipv6_address_on_creation": "false",
                            "availability_zone": "ca-central-1a",
                            "cidr_block": "10.1.1.0/24",
                            "id": "subnet-ebfe0083",
                            "map_public_ip_on_launch": "true",
                            "tags.%": "1",
                            "tags.Name": "public1",
                            "vpc_id": "vpc-4a3fc922"
                        },
                        "meta": {
                            "schema_version": "1"
                        },
                        "tainted": false
                    },
                    "deposed": [],
                    "provider": "provider.aws"
                },
                "aws_subnet.public2": {
                    "type": "aws_subnet",
                    "depends_on": [
                        "aws_vpc.vpc",
                        "data.aws_availability_zones.available"
                    ],
                    "primary": {
                        "id": "subnet-43465338",
                        "attributes": {
                            "assign_ipv6_address_on_creation": "false",
                            "availability_zone": "ca-central-1b",
                            "cidr_block": "10.1.2.0/24",
                            "id": "subnet-43465338",
                            "map_public_ip_on_launch": "true",
                            "tags.%": "1",
                            "tags.Name": "public2",
                            "vpc_id": "vpc-4a3fc922"
                        },
                        "meta": {
                            "schema_version": "1"
                        },
                        "tainted": false
                    },
                    "deposed": [],
                    "provider": "provider.aws"
                },
                "aws_subnet.rds1": {
                    "type": "aws_subnet",
                    "depends_on": [
                        "aws_vpc.vpc",
                        "data.aws_availability_zones.available"
                    ],
                    "primary": {
                        "id": "subnet-efff0187",
                        "attributes": {
                            "assign_ipv6_address_on_creation": "false",
                            "availability_zone": "ca-central-1a",
                            "cidr_block": "10.1.5.0/24",
                            "id": "subnet-efff0187",
                            "map_public_ip_on_launch": "false",
                            "tags.%": "1",
                            "tags.Name": "rds1",
                            "vpc_id": "vpc-4a3fc922"
                        },
                        "meta": {
                            "schema_version": "1"
                        },
                        "tainted": false
                    },
                    "deposed": [],
                    "provider": "provider.aws"
                },
                "aws_subnet.rds2": {
                    "type": "aws_subnet",
                    "depends_on": [
                        "aws_vpc.vpc",
                        "data.aws_availability_zones.available"
                    ],
                    "primary": {
                        "id": "subnet-c84055b3",
                        "attributes": {
                            "assign_ipv6_address_on_creation": "false",
                            "availability_zone": "ca-central-1b",
                            "cidr_block": "10.1.6.0/24",
                            "id": "subnet-c84055b3",
                            "map_public_ip_on_launch": "false",
                            "tags.%": "1",
                            "tags.Name": "rds2",
                            "vpc_id": "vpc-4a3fc922"
                        },
                        "meta": {
                            "schema_version": "1"
                        },
                        "tainted": false
                    },
                    "deposed": [],
                    "provider": "provider.aws"
                },
                "aws_vpc.vpc": {
                    "type": "aws_vpc",
                    "depends_on": [],
                    "primary": {
                        "id": "vpc-4a3fc922",
                        "attributes": {
                            "assign_generated_ipv6_cidr_block": "false",
                            "cidr_block": "10.1.0.0/16",
                            "default_network_acl_id": "acl-feeb2396",
                            "default_route_table_id": "rtb-b239e0da",
                            "default_security_group_id": "sg-e304348b",
                            "dhcp_options_id": "dopt-3aa14853",
                            "enable_dns_hostnames": "false",
                            "enable_dns_support": "true",
                            "id": "vpc-4a3fc922",
                            "instance_tenancy": "default",
                            "main_route_table_id": "rtb-b239e0da",
                            "tags.%": "0"
                        },
                        "meta": {
                            "schema_version": "1"
                        },
                        "tainted": false
                    },
                    "deposed": [],
                    "provider": "provider.aws"
                },
                "data.aws_availability_zones.available": {
                    "type": "aws_availability_zones",
                    "depends_on": [],
                    "primary": {
                        "id": "2018-03-12 17:34:43.788175301 +0000 UTC",
                        "attributes": {
                            "id": "2018-03-12 17:34:43.788175301 +0000 UTC",
                            "names.#": "2",
                            "names.0": "ca-central-1a",
                            "names.1": "ca-central-1b"
                        },
                        "meta": {},
                        "tainted": false
                    },
                    "deposed": [],
                    "provider": "provider.aws"
                }
            },
            "depends_on": []
        }
    ]
}
